
Microsoft Visual Studio Solution File, Format Version 12.00
# Visual Studio Version 17
VisualStudioVersion = 17.11.35222.181
MinimumVisualStudioVersion = 10.0.40219.1
Project("{FAE04EC0-301F-11D3-BF4B-00C04F79EFBC}") = "MVCFirstApp", "MVCFirstApp.csproj", "{AADD652E-8404-4426-AE19-77E4EC710302}"
EndProject
Global
	GlobalSection(SolutionConfigurationPlatforms) = preSolution
		Debug|Any CPU = Debug|Any CPU
		Release|Any CPU = Release|Any CPU
	EndGlobalSection
	GlobalSection(ProjectConfigurationPlatforms) = postSolution
		{AADD652E-8404-4426-AE19-77E4EC710302}.Debug|Any CPU.ActiveCfg = Debug|Any CPU
		{AADD652E-8404-4426-AE19-77E4EC710302}.Debug|Any CPU.Build.0 = Debug|Any CPU
		{AADD652E-8404-4426-AE19-77E4EC710302}.Release|Any CPU.ActiveCfg = Release|Any CPU
		{AADD652E-8404-4426-AE19-77E4EC710302}.Release|Any CPU.Build.0 = Release|Any CPU
	EndGlobalSection
	GlobalSection(SolutionProperties) = preSolution
		HideSolutionNode = FALSE
	EndGlobalSection
	GlobalSection(ExtensibilityGlobals) = postSolution
		SolutionGuid = {965D17F8-C139-4552-896B-72FBC523E53E}
	EndGlobalSection
EndGlobal
